
Microsoft Visual Studio Solution File, Format Version 12.00
# Visual Studio 15
VisualStudioVersion = 15.0.27428.2002
MinimumVisualStudioVersion = 10.0.40219.1
Project("{FAE04EC0-301F-11D3-BF4B-00C04F79EFBC}") = "The Final Work team4", "The Final Work team4\The Final Work team4.csproj", "{ECF4FC7F-8699-4F9B-9984-802D0A456F4F}"
EndProject
Global
	GlobalSection(SolutionConfigurationPlatforms) = preSolution
		Debug|ARM = Debug|ARM
		Debug|x64 = Debug|x64
		Debug|x86 = Debug|x86
		Release|ARM = Release|ARM
		Release|x64 = Release|x64
		Release|x86 = Release|x86
	EndGlobalSection
	GlobalSection(ProjectConfigurationPlatforms) = postSolution
		{ECF4FC7F-8699-4F9B-9984-802D0A456F4F}.Debug|ARM.ActiveCfg = Debug|ARM
		{ECF4FC7F-8699-4F9B-9984-802D0A456F4F}.Debug|ARM.Build.0 = Debug|ARM
		{ECF4FC7F-8699-4F9B-9984-802D0A456F4F}.Debug|ARM.Deploy.0 = Debug|ARM
		{ECF4FC7F-8699-4F9B-9984-802D0A456F4F}.Debug|x64.ActiveCfg = Debug|x64
		{ECF4FC7F-8699-4F9B-9984-802D0A456F4F}.Debug|x64.Build.0 = Debug|x64
		{ECF4FC7F-8699-4F9B-9984-802D0A456F4F}.Debug|x64.Deploy.0 = Debug|x64
		{ECF4FC7F-8699-4F9B-9984-802D0A456F4F}.Debug|x86.ActiveCfg = Debug|x86
		{ECF4FC7F-8699-4F9B-9984-802D0A456F4F}.Debug|x86.Build.0 = Debug|x86
		{ECF4FC7F-8699-4F9B-9984-802D0A456F4F}.Debug|x86.Deploy.0 = Debug|x86
		{ECF4FC7F-8699-4F9B-9984-802D0A456F4F}.Release|ARM.ActiveCfg = Release|ARM
		{ECF4FC7F-8699-4F9B-9984-802D0A456F4F}.Release|ARM.Build.0 = Release|ARM
		{ECF4FC7F-8699-4F9B-9984-802D0A456F4F}.Release|ARM.Deploy.0 = Release|ARM
		{ECF4FC7F-8699-4F9B-9984-802D0A456F4F}.Release|x64.ActiveCfg = Release|x64
		{ECF4FC7F-8699-4F9B-9984-802D0A456F4F}.Release|x64.Build.0 = Release|x64
		{ECF4FC7F-8699-4F9B-9984-802D0A456F4F}.Release|x64.Deploy.0 = Release|x64
		{ECF4FC7F-8699-4F9B-9984-802D0A456F4F}.Release|x86.ActiveCfg = Release|x86
		{ECF4FC7F-8699-4F9B-9984-802D0A456F4F}.Release|x86.Build.0 = Release|x86
		{ECF4FC7F-8699-4F9B-9984-802D0A456F4F}.Release|x86.Deploy.0 = Release|x86
	EndGlobalSection
	GlobalSection(SolutionProperties) = preSolution
		HideSolutionNode = FALSE
	EndGlobalSection
	GlobalSection(ExtensibilityGlobals) = postSolution
		SolutionGuid = {DD866FE9-9C96-4766-B8B0-8E9A915AFE65}
	EndGlobalSection
EndGlobal
